
Microsoft Visual Studio Solution File, Format Version 12.00
# Visual Studio Version 17
VisualStudioVersion = 17.0.31912.275
MinimumVisualStudioVersion = 10.0.40219.1
Project("{FAE04EC0-301F-11D3-BF4B-00C04F79EFBC}") = "Calculator", "Calculator\Calculator.csproj", "{EBAF03D2-6953-4CB1-9487-BC9B904134C0}"
EndProject
Global
	GlobalSection(SolutionConfigurationPlatforms) = preSolution
		Debug|Any CPU = Debug|Any CPU
		Release|Any CPU = Release|Any CPU
	EndGlobalSection
	GlobalSection(ProjectConfigurationPlatforms) = postSolution
		{EBAF03D2-6953-4CB1-9487-BC9B904134C0}.Debug|Any CPU.ActiveCfg = Debug|Any CPU
		{EBAF03D2-6953-4CB1-9487-BC9B904134C0}.Debug|Any CPU.Build.0 = Debug|Any CPU
		{EBAF03D2-6953-4CB1-9487-BC9B904134C0}.Release|Any CPU.ActiveCfg = Release|Any CPU
		{EBAF03D2-6953-4CB1-9487-BC9B904134C0}.Release|Any CPU.Build.0 = Release|Any CPU
	EndGlobalSection
	GlobalSection(SolutionProperties) = preSolution
		HideSolutionNode = FALSE
	EndGlobalSection
	GlobalSection(ExtensibilityGlobals) = postSolution
		SolutionGuid = {8E8194F4-BF19-4132-A8EB-114426CA3C12}
	EndGlobalSection
EndGlobal
